# This file is generated by running "yarn install" inside your project.
# Manual changes might be lost - proceed with caution!

__metadata:
  version: 8
  cacheKey: 10c0

"create-jmrsquared-website-template@workspace:.":
  version: 0.0.0-use.local
  resolution: "create-jmrsquared-website-template@workspace:."
  bin:
    create-jmrsquared-website-template: ./bin/create.js
    update-jmrsquared-website-template: ./bin/update.js
  languageName: unknown
  linkType: soft
